// !$*UTF8*$!
{
	archiveVersion = 1;
	classes = {
	};
	objectVersion = 50;
	objects = {

/* Begin PBXBuildFile section */
		692BEE7D233AA45C0033C9F1 /* KakaoLoginButton.swift in Sources */ = {isa = PBXBuildFile; fileRef = 692BEE7C233AA45C0033C9F1 /* KakaoLoginButton.swift */; };
		EA0D93832338BEFC0081CA1F /* AppDelegate.swift in Sources */ = {isa = PBXBuildFile; fileRef = EA0D93822338BEFC0081CA1F /* AppDelegate.swift */; };
		EA0D93882338BEFC0081CA1F /* Chillproject.xcdatamodeld in Sources */ = {isa = PBXBuildFile; fileRef = EA0D93862338BEFC0081CA1F /* Chillproject.xcdatamodeld */; };
		EA0D938C2338BEFD0081CA1F /* Assets.xcassets in Resources */ = {isa = PBXBuildFile; fileRef = EA0D938B2338BEFD0081CA1F /* Assets.xcassets */; };
		EA0D938F2338BEFD0081CA1F /* Preview Assets.xcassets in Resources */ = {isa = PBXBuildFile; fileRef = EA0D938E2338BEFD0081CA1F /* Preview Assets.xcassets */; };
		EA0D93922338BEFD0081CA1F /* LaunchScreen.storyboard in Resources */ = {isa = PBXBuildFile; fileRef = EA0D93902338BEFD0081CA1F /* LaunchScreen.storyboard */; };
		EA0D939D2338BEFD0081CA1F /* ChillprojectTests.swift in Sources */ = {isa = PBXBuildFile; fileRef = EA0D939C2338BEFD0081CA1F /* ChillprojectTests.swift */; };
		EA0D93A82338BEFD0081CA1F /* ChillprojectUITests.swift in Sources */ = {isa = PBXBuildFile; fileRef = EA0D93A72338BEFD0081CA1F /* ChillprojectUITests.swift */; };
		EA0D941D2338EDB50081CA1F /* KakaoOpenSDK.framework in Frameworks */ = {isa = PBXBuildFile; fileRef = EA0D941B2338EDB50081CA1F /* KakaoOpenSDK.framework */; };
		EA0D941E2338EDB50081CA1F /* KakaoMessageTemplate.framework in Frameworks */ = {isa = PBXBuildFile; fileRef = EA0D941C2338EDB50081CA1F /* KakaoMessageTemplate.framework */; };
		EA0D94262338F0070081CA1F /* SceneDelegate.swift in Sources */ = {isa = PBXBuildFile; fileRef = EA0D94252338F0070081CA1F /* SceneDelegate.swift */; };
		EA57F672233CC36100E0329C /* GoogleSignIn.framework in Frameworks */ = {isa = PBXBuildFile; fileRef = EA57F66F233CC36100E0329C /* GoogleSignIn.framework */; };
		EA57F673233CC36100E0329C /* GoogleSignInDependencies.framework in Frameworks */ = {isa = PBXBuildFile; fileRef = EA57F670233CC36100E0329C /* GoogleSignInDependencies.framework */; };
		EA57F674233CC36100E0329C /* GoogleSignIn.bundle in Resources */ = {isa = PBXBuildFile; fileRef = EA57F671233CC36100E0329C /* GoogleSignIn.bundle */; };
		EA6C5819233B744700A5281B /* SessionCheckPage.swift in Sources */ = {isa = PBXBuildFile; fileRef = EA6C5818233B744700A5281B /* SessionCheckPage.swift */; };
/* End PBXBuildFile section */

/* Begin PBXContainerItemProxy section */
		EA0D93992338BEFD0081CA1F /* PBXContainerItemProxy */ = {
			isa = PBXContainerItemProxy;
			containerPortal = EA0D93772338BEFC0081CA1F /* Project object */;
			proxyType = 1;
			remoteGlobalIDString = EA0D937E2338BEFC0081CA1F;
			remoteInfo = Chillproject;
		};
		EA0D93A42338BEFD0081CA1F /* PBXContainerItemProxy */ = {
			isa = PBXContainerItemProxy;
			containerPortal = EA0D93772338BEFC0081CA1F /* Project object */;
			proxyType = 1;
			remoteGlobalIDString = EA0D937E2338BEFC0081CA1F;
			remoteInfo = Chillproject;
		};
/* End PBXContainerItemProxy section */

/* Begin PBXFileReference section */
		692BEE7C233AA45C0033C9F1 /* KakaoLoginButton.swift */ = {isa = PBXFileReference; lastKnownFileType = sourcecode.swift; path = KakaoLoginButton.swift; sourceTree = "<group>"; };
		EA0D937F2338BEFC0081CA1F /* Chillproject.app */ = {isa = PBXFileReference; explicitFileType = wrapper.application; includeInIndex = 0; path = Chillproject.app; sourceTree = BUILT_PRODUCTS_DIR; };
		EA0D93822338BEFC0081CA1F /* AppDelegate.swift */ = {isa = PBXFileReference; lastKnownFileType = sourcecode.swift; path = AppDelegate.swift; sourceTree = "<group>"; };
		EA0D93872338BEFC0081CA1F /* Chillproject.xcdatamodel */ = {isa = PBXFileReference; lastKnownFileType = wrapper.xcdatamodel; path = Chillproject.xcdatamodel; sourceTree = "<group>"; };
		EA0D938B2338BEFD0081CA1F /* Assets.xcassets */ = {isa = PBXFileReference; lastKnownFileType = folder.assetcatalog; path = Assets.xcassets; sourceTree = "<group>"; };
		EA0D938E2338BEFD0081CA1F /* Preview Assets.xcassets */ = {isa = PBXFileReference; lastKnownFileType = folder.assetcatalog; path = "Preview Assets.xcassets"; sourceTree = "<group>"; };
		EA0D93912338BEFD0081CA1F /* Base */ = {isa = PBXFileReference; lastKnownFileType = file.storyboard; name = Base; path = Base.lproj/LaunchScreen.storyboard; sourceTree = "<group>"; };
		EA0D93932338BEFD0081CA1F /* Info.plist */ = {isa = PBXFileReference; lastKnownFileType = text.plist.xml; path = Info.plist; sourceTree = "<group>"; };
		EA0D93982338BEFD0081CA1F /* ChillprojectTests.xctest */ = {isa = PBXFileReference; explicitFileType = wrapper.cfbundle; includeInIndex = 0; path = ChillprojectTests.xctest; sourceTree = BUILT_PRODUCTS_DIR; };
		EA0D939C2338BEFD0081CA1F /* ChillprojectTests.swift */ = {isa = PBXFileReference; lastKnownFileType = sourcecode.swift; path = ChillprojectTests.swift; sourceTree = "<group>"; };
		EA0D939E2338BEFD0081CA1F /* Info.plist */ = {isa = PBXFileReference; lastKnownFileType = text.plist.xml; path = Info.plist; sourceTree = "<group>"; };
		EA0D93A32338BEFD0081CA1F /* ChillprojectUITests.xctest */ = {isa = PBXFileReference; explicitFileType = wrapper.cfbundle; includeInIndex = 0; path = ChillprojectUITests.xctest; sourceTree = BUILT_PRODUCTS_DIR; };
		EA0D93A72338BEFD0081CA1F /* ChillprojectUITests.swift */ = {isa = PBXFileReference; lastKnownFileType = sourcecode.swift; path = ChillprojectUITests.swift; sourceTree = "<group>"; };
		EA0D93A92338BEFD0081CA1F /* Info.plist */ = {isa = PBXFileReference; lastKnownFileType = text.plist.xml; path = Info.plist; sourceTree = "<group>"; };
		EA0D941B2338EDB50081CA1F /* KakaoOpenSDK.framework */ = {isa = PBXFileReference; lastKnownFileType = wrapper.framework; path = KakaoOpenSDK.framework; sourceTree = "<group>"; };
		EA0D941C2338EDB50081CA1F /* KakaoMessageTemplate.framework */ = {isa = PBXFileReference; lastKnownFileType = wrapper.framework; path = KakaoMessageTemplate.framework; sourceTree = "<group>"; };
		EA0D941F2338EE4B0081CA1F /* Chillproject-Bridging-Header.h */ = {isa = PBXFileReference; lastKnownFileType = sourcecode.c.h; path = "Chillproject-Bridging-Header.h"; sourceTree = "<group>"; };
		EA0D94252338F0070081CA1F /* SceneDelegate.swift */ = {isa = PBXFileReference; lastKnownFileType = sourcecode.swift; path = SceneDelegate.swift; sourceTree = "<group>"; };
		EA57F66F233CC36100E0329C /* GoogleSignIn.framework */ = {isa = PBXFileReference; lastKnownFileType = wrapper.framework; path = GoogleSignIn.framework; sourceTree = "<group>"; };
		EA57F670233CC36100E0329C /* GoogleSignInDependencies.framework */ = {isa = PBXFileReference; lastKnownFileType = wrapper.framework; path = GoogleSignInDependencies.framework; sourceTree = "<group>"; };
		EA57F671233CC36100E0329C /* GoogleSignIn.bundle */ = {isa = PBXFileReference; lastKnownFileType = "wrapper.plug-in"; path = GoogleSignIn.bundle; sourceTree = "<group>"; };
		EA6C5818233B744700A5281B /* SessionCheckPage.swift */ = {isa = PBXFileReference; lastKnownFileType = sourcecode.swift; path = SessionCheckPage.swift; sourceTree = "<group>"; };
/* End PBXFileReference section */

/* Begin PBXFrameworksBuildPhase section */
		EA0D937C2338BEFC0081CA1F /* Frameworks */ = {
			isa = PBXFrameworksBuildPhase;
			buildActionMask = 2147483647;
			files = (
				EA0D941E2338EDB50081CA1F /* KakaoMessageTemplate.framework in Frameworks */,
				EA57F672233CC36100E0329C /* GoogleSignIn.framework in Frameworks */,
				EA57F673233CC36100E0329C /* GoogleSignInDependencies.framework in Frameworks */,
				EA0D941D2338EDB50081CA1F /* KakaoOpenSDK.framework in Frameworks */,
			);
			runOnlyForDeploymentPostprocessing = 0;
		};
		EA0D93952338BEFD0081CA1F /* Frameworks */ = {
			isa = PBXFrameworksBuildPhase;
			buildActionMask = 2147483647;
			files = (
			);
			runOnlyForDeploymentPostprocessing = 0;
		};
		EA0D93A02338BEFD0081CA1F /* Frameworks */ = {
			isa = PBXFrameworksBuildPhase;
			buildActionMask = 2147483647;
			files = (
			);
			runOnlyForDeploymentPostprocessing = 0;
		};
/* End PBXFrameworksBuildPhase section */

/* Begin PBXGroup section */
		692BEE7B233AA43D0033C9F1 /* Interact */ = {
			isa = PBXGroup;
			children = (
				692BEE7C233AA45C0033C9F1 /* KakaoLoginButton.swift */,
			);
			path = Interact;
			sourceTree = "<group>";
		};
		69B8227F233BA7150070EACA /* Models */ = {
			isa = PBXGroup;
			children = (
			);
			path = Models;
			sourceTree = "<group>";
		};
		69B82280233BA71D0070EACA /* Views */ = {
			isa = PBXGroup;
			children = (
			);
			path = Views;
			sourceTree = "<group>";
		};
		EA0D93762338BEFC0081CA1F = {
			isa = PBXGroup;
			children = (
				EA0D941A2338EDA00081CA1F /* Frameworks */,
				EA0D93812338BEFC0081CA1F /* Chillproject */,
				EA0D939B2338BEFD0081CA1F /* ChillprojectTests */,
				EA0D93A62338BEFD0081CA1F /* ChillprojectUITests */,
				EA0D93802338BEFC0081CA1F /* Products */,
				EA0D941F2338EE4B0081CA1F /* Chillproject-Bridging-Header.h */,
			);
			sourceTree = "<group>";
		};
		EA0D93802338BEFC0081CA1F /* Products */ = {
			isa = PBXGroup;
			children = (
				EA0D937F2338BEFC0081CA1F /* Chillproject.app */,
				EA0D93982338BEFD0081CA1F /* ChillprojectTests.xctest */,
				EA0D93A32338BEFD0081CA1F /* ChillprojectUITests.xctest */,
			);
			name = Products;
			sourceTree = "<group>";
		};
		EA0D93812338BEFC0081CA1F /* Chillproject */ = {
			isa = PBXGroup;
			children = (
				69B8227F233BA7150070EACA /* Models */,
				69B82280233BA71D0070EACA /* Views */,
				692BEE7B233AA43D0033C9F1 /* Interact */,
				EA0D94252338F0070081CA1F /* SceneDelegate.swift */,
				EA0D93822338BEFC0081CA1F /* AppDelegate.swift */,
				EA6C5818233B744700A5281B /* SessionCheckPage.swift */,
				EA0D938B2338BEFD0081CA1F /* Assets.xcassets */,
				EA0D93902338BEFD0081CA1F /* LaunchScreen.storyboard */,
				EA0D93932338BEFD0081CA1F /* Info.plist */,
				EA0D93862338BEFC0081CA1F /* Chillproject.xcdatamodeld */,
				EA0D938D2338BEFD0081CA1F /* Preview Content */,
			);
			path = Chillproject;
			sourceTree = "<group>";
		};
		EA0D938D2338BEFD0081CA1F /* Preview Content */ = {
			isa = PBXGroup;
			children = (
				EA0D938E2338BEFD0081CA1F /* Preview Assets.xcassets */,
			);
			path = "Preview Content";
			sourceTree = "<group>";
		};
		EA0D939B2338BEFD0081CA1F /* ChillprojectTests */ = {
			isa = PBXGroup;
			children = (
				EA0D939C2338BEFD0081CA1F /* ChillprojectTests.swift */,
				EA0D939E2338BEFD0081CA1F /* Info.plist */,
			);
			path = ChillprojectTests;
			sourceTree = "<group>";
		};
		EA0D93A62338BEFD0081CA1F /* ChillprojectUITests */ = {
			isa = PBXGroup;
			children = (
				EA0D93A72338BEFD0081CA1F /* ChillprojectUITests.swift */,
				EA0D93A92338BEFD0081CA1F /* Info.plist */,
			);
			path = ChillprojectUITests;
			sourceTree = "<group>";
		};
		EA0D941A2338EDA00081CA1F /* Frameworks */ = {
			isa = PBXGroup;
			children = (
				EA57F671233CC36100E0329C /* GoogleSignIn.bundle */,
				EA57F66F233CC36100E0329C /* GoogleSignIn.framework */,
				EA57F670233CC36100E0329C /* GoogleSignInDependencies.framework */,
				EA0D941C2338EDB50081CA1F /* KakaoMessageTemplate.framework */,
				EA0D941B2338EDB50081CA1F /* KakaoOpenSDK.framework */,
			);
			name = Frameworks;
			sourceTree = "<group>";
		};
/* End PBXGroup section */

/* Begin PBXNativeTarget section */
		EA0D937E2338BEFC0081CA1F /* Chillproject */ = {
			isa = PBXNativeTarget;
			buildConfigurationList = EA0D93AC2338BEFD0081CA1F /* Build configuration list for PBXNativeTarget "Chillproject" */;
			buildPhases = (
				EA0D937B2338BEFC0081CA1F /* Sources */,
				EA0D937C2338BEFC0081CA1F /* Frameworks */,
				EA0D937D2338BEFC0081CA1F /* Resources */,
			);
			buildRules = (
			);
			dependencies = (
			);
			name = Chillproject;
			productName = Chillproject;
			productReference = EA0D937F2338BEFC0081CA1F /* Chillproject.app */;
			productType = "com.apple.product-type.application";
		};
		EA0D93972338BEFD0081CA1F /* ChillprojectTests */ = {
			isa = PBXNativeTarget;
			buildConfigurationList = EA0D93AF2338BEFD0081CA1F /* Build configuration list for PBXNativeTarget "ChillprojectTests" */;
			buildPhases = (
				EA0D93942338BEFD0081CA1F /* Sources */,
				EA0D93952338BEFD0081CA1F /* Frameworks */,
				EA0D93962338BEFD0081CA1F /* Resources */,
			);
			buildRules = (
			);
			dependencies = (
				EA0D939A2338BEFD0081CA1F /* PBXTargetDependency */,
			);
			name = ChillprojectTests;
			productName = ChillprojectTests;
			productReference = EA0D93982338BEFD0081CA1F /* ChillprojectTests.xctest */;
			productType = "com.apple.product-type.bundle.unit-test";
		};
		EA0D93A22338BEFD0081CA1F /* ChillprojectUITests */ = {
			isa = PBXNativeTarget;
			buildConfigurationList = EA0D93B22338BEFD0081CA1F /* Build configuration list for PBXNativeTarget "ChillprojectUITests" */;
			buildPhases = (
				EA0D939F2338BEFD0081CA1F /* Sources */,
				EA0D93A02338BEFD0081CA1F /* Frameworks */,
				EA0D93A12338BEFD0081CA1F /* Resources */,
			);
			buildRules = (
			);
			dependencies = (
				EA0D93A52338BEFD0081CA1F /* PBXTargetDependency */,
			);
			name = ChillprojectUITests;
			productName = ChillprojectUITests;
			productReference = EA0D93A32338BEFD0081CA1F /* ChillprojectUITests.xctest */;
			productType = "com.apple.product-type.bundle.ui-testing";
		};
/* End PBXNativeTarget section */

/* Begin PBXProject section */
		EA0D93772338BEFC0081CA1F /* Project object */ = {
			isa = PBXProject;
			attributes = {
				LastSwiftUpdateCheck = 1100;
				LastUpgradeCheck = 1100;
				ORGANIZATIONNAME = "Sang Se Lee";
				TargetAttributes = {
					EA0D937E2338BEFC0081CA1F = {
						CreatedOnToolsVersion = 11.0;
						LastSwiftMigration = 1100;
					};
					EA0D93972338BEFD0081CA1F = {
						CreatedOnToolsVersion = 11.0;
						TestTargetID = EA0D937E2338BEFC0081CA1F;
					};
					EA0D93A22338BEFD0081CA1F = {
						CreatedOnToolsVersion = 11.0;
						TestTargetID = EA0D937E2338BEFC0081CA1F;
					};
				};
			};
			buildConfigurationList = EA0D937A2338BEFC0081CA1F /* Build configuration list for PBXProject "Chillproject" */;
			compatibilityVersion = "Xcode 9.3";
			developmentRegion = en;
			hasScannedForEncodings = 0;
			knownRegions = (
				en,
				Base,
			);
			mainGroup = EA0D93762338BEFC0081CA1F;
			productRefGroup = EA0D93802338BEFC0081CA1F /* Products */;
			projectDirPath = "";
			projectRoot = "";
			targets = (
				EA0D937E2338BEFC0081CA1F /* Chillproject */,
				EA0D93972338BEFD0081CA1F /* ChillprojectTests */,
				EA0D93A22338BEFD0081CA1F /* ChillprojectUITests */,
			);
		};
/* End PBXProject section */

/* Begin PBXResourcesBuildPhase section */
		EA0D937D2338BEFC0081CA1F /* Resources */ = {
			isa = PBXResourcesBuildPhase;
			buildActionMask = 2147483647;
			files = (
				EA57F674233CC36100E0329C /* GoogleSignIn.bundle in Resources */,
				EA0D93922338BEFD0081CA1F /* LaunchScreen.storyboard in Resources */,
				EA0D938F2338BEFD0081CA1F /* Preview Assets.xcassets in Resources */,
				EA0D938C2338BEFD0081CA1F /* Assets.xcassets in Resources */,
			);
			runOnlyForDeploymentPostprocessing = 0;
		};
		EA0D93962338BEFD0081CA1F /* Resources */ = {
			isa = PBXResourcesBuildPhase;
			buildActionMask = 2147483647;
			files = (
			);
			runOnlyForDeploymentPostprocessing = 0;
		};
		EA0D93A12338BEFD0081CA1F /* Resources */ = {
			isa = PBXResourcesBuildPhase;
			buildActionMask = 2147483647;
			files = (
			);
			runOnlyForDeploymentPostprocessing = 0;
		};
/* End PBXResourcesBuildPhase section */

/* Begin PBXSourcesBuildPhase section */
		EA0D937B2338BEFC0081CA1F /* Sources */ = {
			isa = PBXSourcesBuildPhase;
			buildActionMask = 2147483647;
			files = (
				EA6C5819233B744700A5281B /* SessionCheckPage.swift in Sources */,
				EA0D94262338F0070081CA1F /* SceneDelegate.swift in Sources */,
				EA0D93882338BEFC0081CA1F /* Chillproject.xcdatamodeld in Sources */,
				692BEE7D233AA45C0033C9F1 /* KakaoLoginButton.swift in Sources */,
				EA0D93832338BEFC0081CA1F /* AppDelegate.swift in Sources */,
			);
			runOnlyForDeploymentPostprocessing = 0;
		};
		EA0D93942338BEFD0081CA1F /* Sources */ = {
			isa = PBXSourcesBuildPhase;
			buildActionMask = 2147483647;
			files = (
				EA0D939D2338BEFD0081CA1F /* ChillprojectTests.swift in Sources */,
			);
			runOnlyForDeploymentPostprocessing = 0;
		};
		EA0D939F2338BEFD0081CA1F /* Sources */ = {
			isa = PBXSourcesBuildPhase;
			buildActionMask = 2147483647;
			files = (
				EA0D93A82338BEFD0081CA1F /* ChillprojectUITests.swift in Sources */,
			);
			runOnlyForDeploymentPostprocessing = 0;
		};
/* End PBXSourcesBuildPhase section */

/* Begin PBXTargetDependency section */
		EA0D939A2338BEFD0081CA1F /* PBXTargetDependency */ = {
			isa = PBXTargetDependency;
			target = EA0D937E2338BEFC0081CA1F /* Chillproject */;
			targetProxy = EA0D93992338BEFD0081CA1F /* PBXContainerItemProxy */;
		};
		EA0D93A52338BEFD0081CA1F /* PBXTargetDependency */ = {
			isa = PBXTargetDependency;
			target = EA0D937E2338BEFC0081CA1F /* Chillproject */;
			targetProxy = EA0D93A42338BEFD0081CA1F /* PBXContainerItemProxy */;
		};
/* End PBXTargetDependency section */

/* Begin PBXVariantGroup section */
		EA0D93902338BEFD0081CA1F /* LaunchScreen.storyboard */ = {
			isa = PBXVariantGroup;
			children = (
				EA0D93912338BEFD0081CA1F /* Base */,
			);
			name = LaunchScreen.storyboard;
			sourceTree = "<group>";
		};
/* End PBXVariantGroup section */

/* Begin XCBuildConfiguration section */
		EA0D93AA2338BEFD0081CA1F /* Debug */ = {
			isa = XCBuildConfiguration;
			buildSettings = {
				ALWAYS_SEARCH_USER_PATHS = NO;
				CLANG_ANALYZER_NONNULL = YES;
				CLANG_ANALYZER_NUMBER_OBJECT_CONVERSION = YES_AGGRESSIVE;
				CLANG_CXX_LANGUAGE_STANDARD = "gnu++14";
				CLANG_CXX_LIBRARY = "libc++";
				CLANG_ENABLE_MODULES = YES;
				CLANG_ENABLE_OBJC_ARC = YES;
				CLANG_ENABLE_OBJC_WEAK = YES;
				CLANG_WARN_BLOCK_CAPTURE_AUTORELEASING = YES;
				CLANG_WARN_BOOL_CONVERSION = YES;
				CLANG_WARN_COMMA = YES;
				CLANG_WARN_CONSTANT_CONVERSION = YES;
				CLANG_WARN_DEPRECATED_OBJC_IMPLEMENTATIONS = YES;
				CLANG_WARN_DIRECT_OBJC_ISA_USAGE = YES_ERROR;
				CLANG_WARN_DOCUMENTATION_COMMENTS = YES;
				CLANG_WARN_EMPTY_BODY = YES;
				CLANG_WARN_ENUM_CONVERSION = YES;
				CLANG_WARN_INFINITE_RECURSION = YES;
				CLANG_WARN_INT_CONVERSION = YES;
				CLANG_WARN_NON_LITERAL_NULL_CONVERSION = YES;
				CLANG_WARN_OBJC_IMPLICIT_RETAIN_SELF = YES;
				CLANG_WARN_OBJC_LITERAL_CONVERSION = YES;
				CLANG_WARN_OBJC_ROOT_CLASS = YES_ERROR;
				CLANG_WARN_RANGE_LOOP_ANALYSIS = YES;
				CLANG_WARN_STRICT_PROTOTYPES = YES;
				CLANG_WARN_SUSPICIOUS_MOVE = YES;
				CLANG_WARN_UNGUARDED_AVAILABILITY = YES_AGGRESSIVE;
				CLANG_WARN_UNREACHABLE_CODE = YES;
				CLANG_WARN__DUPLICATE_METHOD_MATCH = YES;
				COPY_PHASE_STRIP = NO;
				DEBUG_INFORMATION_FORMAT = dwarf;
				ENABLE_STRICT_OBJC_MSGSEND = YES;
				ENABLE_TESTABILITY = YES;
				GCC_C_LANGUAGE_STANDARD = gnu11;
				GCC_DYNAMIC_NO_PIC = NO;
				GCC_NO_COMMON_BLOCKS = YES;
				GCC_OPTIMIZATION_LEVEL = 0;
				GCC_PREPROCESSOR_DEFINITIONS = (
					"DEBUG=1",
					"$(inherited)",
				);
				GCC_WARN_64_TO_32_BIT_CONVERSION = YES;
				GCC_WARN_ABOUT_RETURN_TYPE = YES_ERROR;
				GCC_WARN_UNDECLARED_SELECTOR = YES;
				GCC_WARN_UNINITIALIZED_AUTOS = YES_AGGRESSIVE;
				GCC_WARN_UNUSED_FUNCTION = YES;
				GCC_WARN_UNUSED_VARIABLE = YES;
				IPHONEOS_DEPLOYMENT_TARGET = 13.0;
				MTL_ENABLE_DEBUG_INFO = INCLUDE_SOURCE;
				MTL_FAST_MATH = YES;
				ONLY_ACTIVE_ARCH = YES;
				SDKROOT = iphoneos;
				SWIFT_ACTIVE_COMPILATION_CONDITIONS = DEBUG;
				SWIFT_OPTIMIZATION_LEVEL = "-Onone";
			};
			name = Debug;
		};
		EA0D93AB2338BEFD0081CA1F /* Release */ = {
			isa = XCBuildConfiguration;
			buildSettings = {
				ALWAYS_SEARCH_USER_PATHS = NO;
				CLANG_ANALYZER_NONNULL = YES;
				CLANG_ANALYZER_NUMBER_OBJECT_CONVERSION = YES_AGGRESSIVE;
				CLANG_CXX_LANGUAGE_STANDARD = "gnu++14";
				CLANG_CXX_LIBRARY = "libc++";
				CLANG_ENABLE_MODULES = YES;
				CLANG_ENABLE_OBJC_ARC = YES;
				CLANG_ENABLE_OBJC_WEAK = YES;
				CLANG_WARN_BLOCK_CAPTURE_AUTORELEASING = YES;
				CLANG_WARN_BOOL_CONVERSION = YES;
				CLANG_WARN_COMMA = YES;
				CLANG_WARN_CONSTANT_CONVERSION = YES;
				CLANG_WARN_DEPRECATED_OBJC_IMPLEMENTATIONS = YES;
				CLANG_WARN_DIRECT_OBJC_ISA_USAGE = YES_ERROR;
				CLANG_WARN_DOCUMENTATION_COMMENTS = YES;
				CLANG_WARN_EMPTY_BODY = YES;
				CLANG_WARN_ENUM_CONVERSION = YES;
				CLANG_WARN_INFINITE_RECURSION = YES;
				CLANG_WARN_INT_CONVERSION = YES;
				CLANG_WARN_NON_LITERAL_NULL_CONVERSION = YES;
				CLANG_WARN_OBJC_IMPLICIT_RETAIN_SELF = YES;
				CLANG_WARN_OBJC_LITERAL_CONVERSION = YES;
				CLANG_WARN_OBJC_ROOT_CLASS = YES_ERROR;
				CLANG_WARN_RANGE_LOOP_ANALYSIS = YES;
				CLANG_WARN_STRICT_PROTOTYPES = YES;
				CLANG_WARN_SUSPICIOUS_MOVE = YES;
				CLANG_WARN_UNGUARDED_AVAILABILITY = YES_AGGRESSIVE;
				CLANG_WARN_UNREACHABLE_CODE = YES;
				CLANG_WARN__DUPLICATE_METHOD_MATCH = YES;
				COPY_PHASE_STRIP = NO;
				DEBUG_INFORMATION_FORMAT = "dwarf-with-dsym";
				ENABLE_NS_ASSERTIONS = NO;
				ENABLE_STRICT_OBJC_MSGSEND = YES;
				GCC_C_LANGUAGE_STANDARD = gnu11;
				GCC_NO_COMMON_BLOCKS = YES;
				GCC_WARN_64_TO_32_BIT_CONVERSION = YES;
				GCC_WARN_ABOUT_RETURN_TYPE = YES_ERROR;
				GCC_WARN_UNDECLARED_SELECTOR = YES;
				GCC_WARN_UNINITIALIZED_AUTOS = YES_AGGRESSIVE;
				GCC_WARN_UNUSED_FUNCTION = YES;
				GCC_WARN_UNUSED_VARIABLE = YES;
				IPHONEOS_DEPLOYMENT_TARGET = 13.0;
				MTL_ENABLE_DEBUG_INFO = NO;
				MTL_FAST_MATH = YES;
				SDKROOT = iphoneos;
				SWIFT_COMPILATION_MODE = wholemodule;
				SWIFT_OPTIMIZATION_LEVEL = "-O";
				VALIDATE_PRODUCT = YES;
			};
			name = Release;
		};
		EA0D93AD2338BEFD0081CA1F /* Debug */ = {
			isa = XCBuildConfiguration;
			buildSettings = {
				ASSETCATALOG_COMPILER_APPICON_NAME = AppIcon;
				CLANG_ENABLE_MODULES = YES;
				CODE_SIGN_STYLE = Automatic;
				DEVELOPMENT_ASSET_PATHS = "\"Chillproject/Preview Content\"";
				DEVELOPMENT_TEAM = HGXANBUDEJ;
				ENABLE_PREVIEWS = YES;
				FRAMEWORK_SEARCH_PATHS = (
					"$(inherited)",
					"$(PROJECT_DIR)",
				);
				INFOPLIST_FILE = Chillproject/Info.plist;
				LD_RUNPATH_SEARCH_PATHS = (
					"$(inherited)",
					"@executable_path/Frameworks",
				);
				OTHER_LDFLAGS = "-all_load";
				PRODUCT_BUNDLE_IDENTIFIER = com.ssjs.Chillproject.Chillproject;
				PRODUCT_NAME = "$(TARGET_NAME)";
				SWIFT_OBJC_BRIDGING_HEADER = "Chillproject-Bridging-Header.h";
				SWIFT_OPTIMIZATION_LEVEL = "-Onone";
				SWIFT_VERSION = 5.0;
				TARGETED_DEVICE_FAMILY = "1,2";
			};
			name = Debug;
		};
		EA0D93AE2338BEFD0081CA1F /* Release */ = {
			isa = XCBuildConfiguration;
			buildSettings = {
				ASSETCATALOG_COMPILER_APPICON_NAME = AppIcon;
				CLANG_ENABLE_MODULES = YES;
				CODE_SIGN_STYLE = Automatic;
				DEVELOPMENT_ASSET_PATHS = "\"Chillproject/Preview Content\"";
				DEVELOPMENT_TEAM = HGXANBUDEJ;
				ENABLE_PREVIEWS = YES;
				FRAMEWORK_SEARCH_PATHS = (
					"$(inherited)",
					"$(PROJECT_DIR)",
				);
				INFOPLIST_FILE = Chillproject/Info.plist;
				LD_RUNPATH_SEARCH_PATHS = (
					"$(inherited)",
					"@executable_path/Frameworks",
				);
				OTHER_LDFLAGS = "-all_load";
				PRODUCT_BUNDLE_IDENTIFIER = com.ssjs.Chillproject.Chillproject;
				PRODUCT_NAME = "$(TARGET_NAME)";
				SWIFT_OBJC_BRIDGING_HEADER = "Chillproject-Bridging-Header.h";
				SWIFT_VERSION = 5.0;
				TARGETED_DEVICE_FAMILY = "1,2";
			};
			name = Release;
		};
		EA0D93B02338BEFD0081CA1F /* Debug */ = {
			isa = XCBuildConfiguration;
			buildSettings = {
				ALWAYS_EMBED_SWIFT_STANDARD_LIBRARIES = YES;
				BUNDLE_LOADER = "$(TEST_HOST)";
				CODE_SIGN_STYLE = Automatic;
				DEVELOPMENT_TEAM = HGXANBUDEJ;
				INFOPLIST_FILE = ChillprojectTests/Info.plist;
				IPHONEOS_DEPLOYMENT_TARGET = 13.0;
				LD_RUNPATH_SEARCH_PATHS = (
					"$(inherited)",
					"@executable_path/Frameworks",
					"@loader_path/Frameworks",
				);
				PRODUCT_BUNDLE_IDENTIFIER = com.ssjs.Chillproject.ChillprojectTests;
				PRODUCT_NAME = "$(TARGET_NAME)";
				SWIFT_VERSION = 5.0;
				TARGETED_DEVICE_FAMILY = "1,2";
				TEST_HOST = "$(BUILT_PRODUCTS_DIR)/Chillproject.app/Chillproject";
			};
			name = Debug;
		};
		EA0D93B12338BEFD0081CA1F /* Release */ = {
			isa = XCBuildConfiguration;
			buildSettings = {
				ALWAYS_EMBED_SWIFT_STANDARD_LIBRARIES = YES;
				BUNDLE_LOADER = "$(TEST_HOST)";
				CODE_SIGN_STYLE = Automatic;
				DEVELOPMENT_TEAM = HGXANBUDEJ;
				INFOPLIST_FILE = ChillprojectTests/Info.plist;
				IPHONEOS_DEPLOYMENT_TARGET = 13.0;
				LD_RUNPATH_SEARCH_PATHS = (
					"$(inherited)",
					"@executable_path/Frameworks",
					"@loader_path/Frameworks",
				);
				PRODUCT_BUNDLE_IDENTIFIER = com.ssjs.Chillproject.ChillprojectTests;
				PRODUCT_NAME = "$(TARGET_NAME)";
				SWIFT_VERSION = 5.0;
				TARGETED_DEVICE_FAMILY = "1,2";
				TEST_HOST = "$(BUILT_PRODUCTS_DIR)/Chillproject.app/Chillproject";
			};
			name = Release;
		};
		EA0D93B32338BEFD0081CA1F /* Debug */ = {
			isa = XCBuildConfiguration;
			buildSettings = {
				ALWAYS_EMBED_SWIFT_STANDARD_LIBRARIES = YES;
				CODE_SIGN_STYLE = Automatic;
				DEVELOPMENT_TEAM = HGXANBUDEJ;
				INFOPLIST_FILE = ChillprojectUITests/Info.plist;
				LD_RUNPATH_SEARCH_PATHS = (
					"$(inherited)",
					"@executable_path/Frameworks",
					"@loader_path/Frameworks",
				);
				PRODUCT_BUNDLE_IDENTIFIER = com.ssjs.Chillproject.ChillprojectUITests;
				PRODUCT_NAME = "$(TARGET_NAME)";
				SWIFT_VERSION = 5.0;
				TARGETED_DEVICE_FAMILY = "1,2";
				TEST_TARGET_NAME = Chillproject;
			};
			name = Debug;
		};
		EA0D93B42338BEFD0081CA1F /* Release */ = {
			isa = XCBuildConfiguration;
			buildSettings = {
				ALWAYS_EMBED_SWIFT_STANDARD_LIBRARIES = YES;
				CODE_SIGN_STYLE = Automatic;
				DEVELOPMENT_TEAM = HGXANBUDEJ;
				INFOPLIST_FILE = ChillprojectUITests/Info.plist;
				LD_RUNPATH_SEARCH_PATHS = (
					"$(inherited)",
					"@executable_path/Frameworks",
					"@loader_path/Frameworks",
				);
				PRODUCT_BUNDLE_IDENTIFIER = com.ssjs.Chillproject.ChillprojectUITests;
				PRODUCT_NAME = "$(TARGET_NAME)";
				SWIFT_VERSION = 5.0;
				TARGETED_DEVICE_FAMILY = "1,2";
				TEST_TARGET_NAME = Chillproject;
			};
			name = Release;
		};
/* End XCBuildConfiguration section */

/* Begin XCConfigurationList section */
		EA0D937A2338BEFC0081CA1F /* Build configuration list for PBXProject "Chillproject" */ = {
			isa = XCConfigurationList;
			buildConfigurations = (
				EA0D93AA2338BEFD0081CA1F /* Debug */,
				EA0D93AB2338BEFD0081CA1F /* Release */,
			);
			defaultConfigurationIsVisible = 0;
			defaultConfigurationName = Release;
		};
		EA0D93AC2338BEFD0081CA1F /* Build configuration list for PBXNativeTarget "Chillproject" */ = {
			isa = XCConfigurationList;
			buildConfigurations = (
				EA0D93AD2338BEFD0081CA1F /* Debug */,
				EA0D93AE2338BEFD0081CA1F /* Release */,
			);
			defaultConfigurationIsVisible = 0;
			defaultConfigurationName = Release;
		};
		EA0D93AF2338BEFD0081CA1F /* Build configuration list for PBXNativeTarget "ChillprojectTests" */ = {
			isa = XCConfigurationList;
			buildConfigurations = (
				EA0D93B02338BEFD0081CA1F /* Debug */,
				EA0D93B12338BEFD0081CA1F /* Release */,
			);
			defaultConfigurationIsVisible = 0;
			defaultConfigurationName = Release;
		};
		EA0D93B22338BEFD0081CA1F /* Build configuration list for PBXNativeTarget "ChillprojectUITests" */ = {
			isa = XCConfigurationList;
			buildConfigurations = (
				EA0D93B32338BEFD0081CA1F /* Debug */,
				EA0D93B42338BEFD0081CA1F /* Release */,
			);
			defaultConfigurationIsVisible = 0;
			defaultConfigurationName = Release;
		};
/* End XCConfigurationList section */

/* Begin XCVersionGroup section */
		EA0D93862338BEFC0081CA1F /* Chillproject.xcdatamodeld */ = {
			isa = XCVersionGroup;
			children = (
				EA0D93872338BEFC0081CA1F /* Chillproject.xcdatamodel */,
			);
			currentVersion = EA0D93872338BEFC0081CA1F /* Chillproject.xcdatamodel */;
			path = Chillproject.xcdatamodeld;
			sourceTree = "<group>";
			versionGroupType = wrapper.xcdatamodel;
		};
/* End XCVersionGroup section */
	};
	rootObject = EA0D93772338BEFC0081CA1F /* Project object */;
}
